{
  "name": "lec9",
  "version": "1.0.0",
  "lockfileVersion": 3,
  "requires": true,
  "packages": {
    "": {
      "name": "lec9",
      "version": "1.0.0",
      "license": "ISC",
      "dependencies": {
        "mjs": "^1.0.0"
      }
    },
    "node_modules/mjs": {
      "version": "1.0.0",
      "resolved": "https://registry.npmjs.org/mjs/-/mjs-1.0.0.tgz",
      "integrity": "sha512-rh75GZMBiS7w4k7uKdDkSsAP0YgXvVsBBtlwO1pn/lh/PtojHlJla458cHszAEXIGG/qhHZAk7akK3gLyEsk6Q==",
      "license": "MIT"
    }
  }
}
